Microsoft Visual Studio Solution File, Format Version 12.00
# Visual Studio Version 17
VisualStudioVersion = 17.9.34902.65
MinimumVisualStudioVersion = 16.0.0.0
Project("{9A19103F-16F7-4668-BE54-9A1E7A4F7556}") = "DietPlanner.Data", "DietPlanner.Data\DietPlanner.Data.csproj", "{CD63FE4F-BC50-45B7-A0A0-FC203D3CF99B}"
EndProject
Project("{9A19103F-16F7-4668-BE54-9A1E7A4F7556}") = "DietPlanner.Services", "DietPlanner.Services\DietPlanner.Services.csproj", "{8F9A2C5F-F0D6-4170-9259-AFC60A4D76C8}"
EndProject
Project("{9A19103F-16F7-4668-BE54-9A1E7A4F7556}") = "DietPlanner.Contracts", "DietPlanner.Contracts\DietPlanner.Contracts.csproj", "{BFC7AED4-1E48-4133-BDE0-C56B5F6C591E}"
EndProject
Project("{9A19103F-16F7-4668-BE54-9A1E7A4F7556}") = "DietPlanner.API", "DietPlanner.API\DietPlanner.API.csproj", "{EF4B2A1E-9FD4-4969-8EBE-9733875BA03F}"
EndProject
Project("{9A19103F-16F7-4668-BE54-9A1E7A4F7556}") = "DietPlanner.UI", "DietPlanner.UI\DietPlanner.UI.csproj", "{F2D85585-EC6A-41BB-B489-E5D834D3E3A2}"
EndProject
Project("{9A19103F-16F7-4668-BE54-9A1E7A4F7556}") = "DietPlanner.Services.Tests", "DietPlanner.Services.Tests\DietPlanner.Services.Tests.csproj", "{492AC6EE-4CEE-42A0-B2EE-F54FA4B0CEC5}"
EndProject
Project("{FAE04EC0-301F-11D3-BF4B-00C04F79EFBC}") = "DietPlanner.API.Tests", "DietPlanner.API.Tests\DietPlanner.API.Tests.csproj", "{3709E38A-171A-4412-B948-8451877C681B}"
EndProject
Global
	GlobalSection(SolutionConfigurationPlatforms) = preSolution
		Debug|Any CPU = Debug|Any CPU
		Debug|x64 = Debug|x64
		Debug|x86 = Debug|x86
		Release|Any CPU = Release|Any CPU
		Release|x64 = Release|x64
		Release|x86 = Release|x86
	EndGlobalSection
	GlobalSection(ProjectConfigurationPlatforms) = postSolution
		{CD63FE4F-BC50-45B7-A0A0-FC203D3CF99B}.Debug|Any CPU.ActiveCfg = Debug|Any CPU
		{CD63FE4F-BC50-45B7-A0A0-FC203D3CF99B}.Debug|Any CPU.Build.0 = Debug|Any CPU
		{CD63FE4F-BC50-45B7-A0A0-FC203D3CF99B}.Debug|x64.ActiveCfg = Debug|Any CPU
		{CD63FE4F-BC50-45B7-A0A0-FC203D3CF99B}.Debug|x64.Build.0 = Debug|Any CPU
		{CD63FE4F-BC50-45B7-A0A0-FC203D3CF99B}.Debug|x86.ActiveCfg = Debug|Any CPU
		{CD63FE4F-BC50-45B7-A0A0-FC203D3CF99B}.Debug|x86.Build.0 = Debug|Any CPU
		{CD63FE4F-BC50-45B7-A0A0-FC203D3CF99B}.Release|Any CPU.ActiveCfg = Release|Any CPU
		{CD63FE4F-BC50-45B7-A0A0-FC203D3CF99B}.Release|Any CPU.Build.0 = Release|Any CPU
		{CD63FE4F-BC50-45B7-A0A0-FC203D3CF99B}.Release|x64.ActiveCfg = Release|Any CPU
		{CD63FE4F-BC50-45B7-A0A0-FC203D3CF99B}.Release|x64.Build.0 = Release|Any CPU
		{CD63FE4F-BC50-45B7-A0A0-FC203D3CF99B}.Release|x86.ActiveCfg = Release|Any CPU
		{CD63FE4F-BC50-45B7-A0A0-FC203D3CF99B}.Release|x86.Build.0 = Release|Any CPU
		{8F9A2C5F-F0D6-4170-9259-AFC60A4D76C8}.Debug|Any CPU.ActiveCfg = Debug|Any CPU
		{8F9A2C5F-F0D6-4170-9259-AFC60A4D76C8}.Debug|Any CPU.Build.0 = Debug|Any CPU
		{8F9A2C5F-F0D6-4170-9259-AFC60A4D76C8}.Debug|x64.ActiveCfg = Debug|Any CPU
		{8F9A2C5F-F0D6-4170-9259-AFC60A4D76C8}.Debug|x64.Build.0 = Debug|Any CPU
		{8F9A2C5F-F0D6-4170-9259-AFC60A4D76C8}.Debug|x86.ActiveCfg = Debug|Any CPU
		{8F9A2C5F-F0D6-4170-9259-AFC60A4D76C8}.Debug|x86.Build.0 = Debug|Any CPU
		{8F9A2C5F-F0D6-4170-9259-AFC60A4D76C8}.Release|Any CPU.ActiveCfg = Release|Any CPU
		{8F9A2C5F-F0D6-4170-9259-AFC60A4D76C8}.Release|Any CPU.Build.0 = Release|Any CPU
		{8F9A2C5F-F0D6-4170-9259-AFC60A4D76C8}.Release|x64.ActiveCfg = Release|Any CPU
		{8F9A2C5F-F0D6-4170-9259-AFC60A4D76C8}.Release|x64.Build.0 = Release|Any CPU
		{8F9A2C5F-F0D6-4170-9259-AFC60A4D76C8}.Release|x86.ActiveCfg = Release|Any CPU
		{8F9A2C5F-F0D6-4170-9259-AFC60A4D76C8}.Release|x86.Build.0 = Release|Any CPU
		{BFC7AED4-1E48-4133-BDE0-C56B5F6C591E}.Debug|Any CPU.ActiveCfg = Debug|Any CPU
		{BFC7AED4-1E48-4133-BDE0-C56B5F6C591E}.Debug|Any CPU.Build.0 = Debug|Any CPU
		{BFC7AED4-1E48-4133-BDE0-C56B5F6C591E}.Debug|x64.ActiveCfg = Debug|Any CPU
		{BFC7AED4-1E48-4133-BDE0-C56B5F6C591E}.Debug|x64.Build.0 = Debug|Any CPU
		{BFC7AED4-1E48-4133-BDE0-C56B5F6C591E}.Debug|x86.ActiveCfg = Debug|Any CPU
		{BFC7AED4-1E48-4133-BDE0-C56B5F6C591E}.Debug|x86.Build.0 = Debug|Any CPU
		{BFC7AED4-1E48-4133-BDE0-C56B5F6C591E}.Release|Any CPU.ActiveCfg = Release|Any CPU
		{BFC7AED4-1E48-4133-BDE0-C56B5F6C591E}.Release|Any CPU.Build.0 = Release|Any CPU
		{BFC7AED4-1E48-4133-BDE0-C56B5F6C591E}.Release|x64.ActiveCfg = Release|Any CPU
		{BFC7AED4-1E48-4133-BDE0-C56B5F6C591E}.Release|x64.Build.0 = Release|Any CPU
		{BFC7AED4-1E48-4133-BDE0-C56B5F6C591E}.Release|x86.ActiveCfg = Release|Any CPU
		{BFC7AED4-1E48-4133-BDE0-C56B5F6C591E}.Release|x86.Build.0 = Release|Any CPU
		{EF4B2A1E-9FD4-4969-8EBE-9733875BA03F}.Debug|Any CPU.ActiveCfg = Debug|Any CPU
		{EF4B2A1E-9FD4-4969-8EBE-9733875BA03F}.Debug|Any CPU.Build.0 = Debug|Any CPU
		{EF4B2A1E-9FD4-4969-8EBE-9733875BA03F}.Debug|x64.ActiveCfg = Debug|Any CPU
		{EF4B2A1E-9FD4-4969-8EBE-9733875BA03F}.Debug|x64.Build.0 = Debug|Any CPU
		{EF4B2A1E-9FD4-4969-8EBE-9733875BA03F}.Debug|x86.ActiveCfg = Debug|Any CPU
		{EF4B2A1E-9FD4-4969-8EBE-9733875BA03F}.Debug|x86.Build.0 = Debug|Any CPU
		{EF4B2A1E-9FD4-4969-8EBE-9733875BA03F}.Release|Any CPU.ActiveCfg = Release|Any CPU
		{EF4B2A1E-9FD4-4969-8EBE-9733875BA03F}.Release|Any CPU.Build.0 = Release|Any CPU
		{EF4B2A1E-9FD4-4969-8EBE-9733875BA03F}.Release|x64.ActiveCfg = Release|Any CPU
		{EF4B2A1E-9FD4-4969-8EBE-9733875BA03F}.Release|x64.Build.0 = Release|Any CPU
		{EF4B2A1E-9FD4-4969-8EBE-9733875BA03F}.Release|x86.ActiveCfg = Release|Any CPU
		{EF4B2A1E-9FD4-4969-8EBE-9733875BA03F}.Release|x86.Build.0 = Release|Any CPU
		{F2D85585-EC6A-41BB-B489-E5D834D3E3A2}.Debug|Any CPU.ActiveCfg = Debug|Any CPU
		{F2D85585-EC6A-41BB-B489-E5D834D3E3A2}.Debug|Any CPU.Build.0 = Debug|Any CPU
		{F2D85585-EC6A-41BB-B489-E5D834D3E3A2}.Debug|x64.ActiveCfg = Debug|Any CPU
		{F2D85585-EC6A-41BB-B489-E5D834D3E3A2}.Debug|x64.Build.0 = Debug|Any CPU
		{F2D85585-EC6A-41BB-B489-E5D834D3E3A2}.Debug|x86.ActiveCfg = Debug|Any CPU
		{F2D85585-EC6A-41BB-B489-E5D834D3E3A2}.Debug|x86.Build.0 = Debug|Any CPU
		{F2D85585-EC6A-41BB-B489-E5D834D3E3A2}.Release|Any CPU.ActiveCfg = Release|Any CPU
		{F2D85585-EC6A-41BB-B489-E5D834D3E3A2}.Release|Any CPU.Build.0 = Release|Any CPU
		{F2D85585-EC6A-41BB-B489-E5D834D3E3A2}.Release|x64.ActiveCfg = Release|Any CPU
		{F2D85585-EC6A-41BB-B489-E5D834D3E3A2}.Release|x64.Build.0 = Release|Any CPU
		{F2D85585-EC6A-41BB-B489-E5D834D3E3A2}.Release|x86.ActiveCfg = Release|Any CPU
		{F2D85585-EC6A-41BB-B489-E5D834D3E3A2}.Release|x86.Build.0 = Release|Any CPU
		{492AC6EE-4CEE-42A0-B2EE-F54FA4B0CEC5}.Debug|Any CPU.ActiveCfg = Debug|Any CPU
		{492AC6EE-4CEE-42A0-B2EE-F54FA4B0CEC5}.Debug|Any CPU.Build.0 = Debug|Any CPU
		{492AC6EE-4CEE-42A0-B2EE-F54FA4B0CEC5}.Debug|x64.ActiveCfg = Debug|Any CPU
		{492AC6EE-4CEE-42A0-B2EE-F54FA4B0CEC5}.Debug|x64.Build.0 = Debug|Any CPU
		{492AC6EE-4CEE-42A0-B2EE-F54FA4B0CEC5}.Debug|x86.ActiveCfg = Debug|Any CPU
		{492AC6EE-4CEE-42A0-B2EE-F54FA4B0CEC5}.Debug|x86.Build.0 = Debug|Any CPU
		{492AC6EE-4CEE-42A0-B2EE-F54FA4B0CEC5}.Release|Any CPU.ActiveCfg = Release|Any CPU
		{492AC6EE-4CEE-42A0-B2EE-F54FA4B0CEC5}.Release|Any CPU.Build.0 = Release|Any CPU
		{492AC6EE-4CEE-42A0-B2EE-F54FA4B0CEC5}.Release|x64.ActiveCfg = Release|Any CPU
		{492AC6EE-4CEE-42A0-B2EE-F54FA4B0CEC5}.Release|x64.Build.0 = Release|Any CPU
		{492AC6EE-4CEE-42A0-B2EE-F54FA4B0CEC5}.Release|x86.ActiveCfg = Release|Any CPU
		{492AC6EE-4CEE-42A0-B2EE-F54FA4B0CEC5}.Release|x86.Build.0 = Release|Any CPU
		{3709E38A-171A-4412-B948-8451877C681B}.Debug|Any CPU.ActiveCfg = Debug|Any CPU
		{3709E38A-171A-4412-B948-8451877C681B}.Debug|Any CPU.Build.0 = Debug|Any CPU
		{3709E38A-171A-4412-B948-8451877C681B}.Debug|x64.ActiveCfg = Debug|Any CPU
		{3709E38A-171A-4412-B948-8451877C681B}.Debug|x64.Build.0 = Debug|Any CPU
		{3709E38A-171A-4412-B948-8451877C681B}.Debug|x86.ActiveCfg = Debug|Any CPU
		{3709E38A-171A-4412-B948-8451877C681B}.Debug|x86.Build.0 = Debug|Any CPU
		{3709E38A-171A-4412-B948-8451877C681B}.Release|Any CPU.ActiveCfg = Release|Any CPU
		{3709E38A-171A-4412-B948-8451877C681B}.Release|Any CPU.Build.0 = Release|Any CPU
		{3709E38A-171A-4412-B948-8451877C681B}.Release|x64.ActiveCfg = Release|Any CPU
		{3709E38A-171A-4412-B948-8451877C681B}.Release|x64.Build.0 = Release|Any CPU
		{3709E38A-171A-4412-B948-8451877C681B}.Release|x86.ActiveCfg = Release|Any CPU
		{3709E38A-171A-4412-B948-8451877C681B}.Release|x86.Build.0 = Release|Any CPU
	EndGlobalSection
	GlobalSection(SolutionProperties) = preSolution
		HideSolutionNode = FALSE
	EndGlobalSection
	GlobalSection(ExtensibilityGlobals) = postSolution
		SolutionGuid = {905E588A-B163-4A75-BD00-A9B41FED8522}
	EndGlobalSection
EndGlobal
